{
  "originHash" : "d8094a27e172007e66cac88c2e5c7e1aa10f4cf57b799abb49ba0f3ceb997312",
  "pins" : [
    {
      "identity" : "multidatepicker",
      "kind" : "remoteSourceControl",
      "location" : "https://github.com/andersprenger/MultiDatePicker.git",
      "state" : {
        "branch" : "main",
        "revision" : "709a1460c333b48f44e1167e19378c42cce927d7"
      }
    },
    {
      "identity" : "realm-core",
      "kind" : "remoteSourceControl",
      "location" : "https://github.com/realm/realm-core.git",
      "state" : {
        "revision" : "374dd672af357732dccc135fecc905406fec3223",
        "version" : "14.4.1"
      }
    },
    {
      "identity" : "realm-swift",
      "kind" : "remoteSourceControl",
      "location" : "https://github.com/realm/realm-swift.git",
      "state" : {
        "revision" : "e0c2fbb442979fbf1e4be80e01d142f310a9c762",
        "version" : "10.49.1"
      }
    },
    {
      "identity" : "swiftfulrecursiveui",
      "kind" : "remoteSourceControl",
      "location" : "https://github.com/SwiftfulThinking/SwiftfulRecursiveUI.git",
      "state" : {
        "revision" : "3d2d5ac6efe70874fb5ffb2f8e1d5ccd457f4366",
        "version" : "1.0.2"
      }
    },
    {
      "identity" : "swiftfulrouting",
      "kind" : "remoteSourceControl",
      "location" : "https://github.com/SwiftfulThinking/SwiftfulRouting.git",
      "state" : {
        "revision" : "1efdf6a43fdb3d491dbf6a6068dc79630e9d82e9",
        "version" : "5.3.2"
      }
    }
  ],
  "version" : 3
}
