// !$*UTF8*$!
{
	archiveVersion = 1;
	classes = {
	};
	objectVersion = 56;
	objects = {

/* Begin PBXBuildFile section */
		A32D8D8F2BB6DA3F00462C00 /* PrivacyInfo.xcprivacy in Resources */ = {isa = PBXBuildFile; fileRef = A32D8D8E2BB6DA3F00462C00 /* PrivacyInfo.xcprivacy */; };
		A32D8D912BB6F25100462C00 /* Localizable.xcstrings in Resources */ = {isa = PBXBuildFile; fileRef = A32D8D902BB6F25100462C00 /* Localizable.xcstrings */; };
		A33610832BA1DC1F00FDFECE /* CalendarPickerApp.swift in Sources */ = {isa = PBXBuildFile; fileRef = A33610822BA1DC1F00FDFECE /* CalendarPickerApp.swift */; };
		A33610852BA1DC1F00FDFECE /* CalendarView.swift in Sources */ = {isa = PBXBuildFile; fileRef = A33610842BA1DC1F00FDFECE /* CalendarView.swift */; };
		A33610872BA1DC2000FDFECE /* Assets.xcassets in Resources */ = {isa = PBXBuildFile; fileRef = A33610862BA1DC2000FDFECE /* Assets.xcassets */; };
		A336108A2BA1DC2000FDFECE /* Preview Assets.xcassets in Resources */ = {isa = PBXBuildFile; fileRef = A33610892BA1DC2000FDFECE /* Preview Assets.xcassets */; };
		A33610912BA1DCB300FDFECE /* HomeView.swift in Sources */ = {isa = PBXBuildFile; fileRef = A33610902BA1DCB300FDFECE /* HomeView.swift */; };
		A33610932BA1DD0B00FDFECE /* HomeViewModel.swift in Sources */ = {isa = PBXBuildFile; fileRef = A33610922BA1DD0B00FDFECE /* HomeViewModel.swift */; };
		A33610962BA1E16600FDFECE /* DataBaseService.swift in Sources */ = {isa = PBXBuildFile; fileRef = A33610952BA1E16600FDFECE /* DataBaseService.swift */; };
		A387BDCD2BB443F6009D45B9 /* NewCaseView.swift in Sources */ = {isa = PBXBuildFile; fileRef = A387BDCC2BB443F6009D45B9 /* NewCaseView.swift */; };
		A387BDD02BB44597009D45B9 /* SwiftfulRouting in Frameworks */ = {isa = PBXBuildFile; productRef = A387BDCF2BB44597009D45B9 /* SwiftfulRouting */; };
		A387BDD52BB44E16009D45B9 /* UIColor.swift in Sources */ = {isa = PBXBuildFile; fileRef = A387BDD42BB44E16009D45B9 /* UIColor.swift */; };
		A387BDD82BB48EE5009D45B9 /* SettingsView.swift in Sources */ = {isa = PBXBuildFile; fileRef = A387BDD72BB48EE5009D45B9 /* SettingsView.swift */; };
		A3B02D7C2BA1E53900136B18 /* Realm in Frameworks */ = {isa = PBXBuildFile; productRef = A3B02D7B2BA1E53900136B18 /* Realm */; };
		A3B02D7E2BA1E53900136B18 /* RealmSwift in Frameworks */ = {isa = PBXBuildFile; productRef = A3B02D7D2BA1E53900136B18 /* RealmSwift */; };
		A3B02D842BA1EB5B00136B18 /* CalendarViewModel.swift in Sources */ = {isa = PBXBuildFile; fileRef = A3B02D832BA1EB5B00136B18 /* CalendarViewModel.swift */; };
		A3B02D872BA3145000136B18 /* DatesRealm.swift in Sources */ = {isa = PBXBuildFile; fileRef = A3B02D862BA3145000136B18 /* DatesRealm.swift */; };
		A3B02D892BA3149300136B18 /* CaseObject.swift in Sources */ = {isa = PBXBuildFile; fileRef = A3B02D882BA3149300136B18 /* CaseObject.swift */; };
		A3D8ED502BADB21700AA08D3 /* CaseRealm.swift in Sources */ = {isa = PBXBuildFile; fileRef = A3D8ED4F2BADB21700AA08D3 /* CaseRealm.swift */; };
		A3E40BF22BAD671E00F1CBE0 /* MultiDatePicker in Frameworks */ = {isa = PBXBuildFile; productRef = A3E40BF12BAD671E00F1CBE0 /* MultiDatePicker */; };
/* End PBXBuildFile section */

/* Begin PBXFileReference section */
		A32D8D8E2BB6DA3F00462C00 /* PrivacyInfo.xcprivacy */ = {isa = PBXFileReference; lastKnownFileType = text.xml; path = PrivacyInfo.xcprivacy; sourceTree = "<group>"; };
		A32D8D902BB6F25100462C00 /* Localizable.xcstrings */ = {isa = PBXFileReference; lastKnownFileType = text.json.xcstrings; path = Localizable.xcstrings; sourceTree = "<group>"; };
		A336107F2BA1DC1F00FDFECE /* CalendarPicker.app */ = {isa = PBXFileReference; explicitFileType = wrapper.application; includeInIndex = 0; path = CalendarPicker.app; sourceTree = BUILT_PRODUCTS_DIR; };
		A33610822BA1DC1F00FDFECE /* CalendarPickerApp.swift */ = {isa = PBXFileReference; lastKnownFileType = sourcecode.swift; path = CalendarPickerApp.swift; sourceTree = "<group>"; };
		A33610842BA1DC1F00FDFECE /* CalendarView.swift */ = {isa = PBXFileReference; lastKnownFileType = sourcecode.swift; path = CalendarView.swift; sourceTree = "<group>"; };
		A33610862BA1DC2000FDFECE /* Assets.xcassets */ = {isa = PBXFileReference; lastKnownFileType = folder.assetcatalog; path = Assets.xcassets; sourceTree = "<group>"; };
		A33610892BA1DC2000FDFECE /* Preview Assets.xcassets */ = {isa = PBXFileReference; lastKnownFileType = folder.assetcatalog; path = "Preview Assets.xcassets"; sourceTree = "<group>"; };
		A33610902BA1DCB300FDFECE /* HomeView.swift */ = {isa = PBXFileReference; lastKnownFileType = sourcecode.swift; path = HomeView.swift; sourceTree = "<group>"; };
		A33610922BA1DD0B00FDFECE /* HomeViewModel.swift */ = {isa = PBXFileReference; lastKnownFileType = sourcecode.swift; path = HomeViewModel.swift; sourceTree = "<group>"; };
		A33610952BA1E16600FDFECE /* DataBaseService.swift */ = {isa = PBXFileReference; lastKnownFileType = sourcecode.swift; path = DataBaseService.swift; sourceTree = "<group>"; };
		A387BDCC2BB443F6009D45B9 /* NewCaseView.swift */ = {isa = PBXFileReference; lastKnownFileType = sourcecode.swift; path = NewCaseView.swift; sourceTree = "<group>"; };
		A387BDD42BB44E16009D45B9 /* UIColor.swift */ = {isa = PBXFileReference; lastKnownFileType = sourcecode.swift; path = UIColor.swift; sourceTree = "<group>"; };
		A387BDD72BB48EE5009D45B9 /* SettingsView.swift */ = {isa = PBXFileReference; lastKnownFileType = sourcecode.swift; path = SettingsView.swift; sourceTree = "<group>"; };
		A3B02D832BA1EB5B00136B18 /* CalendarViewModel.swift */ = {isa = PBXFileReference; lastKnownFileType = sourcecode.swift; path = CalendarViewModel.swift; sourceTree = "<group>"; };
		A3B02D862BA3145000136B18 /* DatesRealm.swift */ = {isa = PBXFileReference; lastKnownFileType = sourcecode.swift; path = DatesRealm.swift; sourceTree = "<group>"; };
		A3B02D882BA3149300136B18 /* CaseObject.swift */ = {isa = PBXFileReference; lastKnownFileType = sourcecode.swift; path = CaseObject.swift; sourceTree = "<group>"; };
		A3D8ED4F2BADB21700AA08D3 /* CaseRealm.swift */ = {isa = PBXFileReference; lastKnownFileType = sourcecode.swift; path = CaseRealm.swift; sourceTree = "<group>"; };
/* End PBXFileReference section */

/* Begin PBXFrameworksBuildPhase section */
		A336107C2BA1DC1F00FDFECE /* Frameworks */ = {
			isa = PBXFrameworksBuildPhase;
			buildActionMask = 2147483647;
			files = (
				A3B02D7E2BA1E53900136B18 /* RealmSwift in Frameworks */,
				A3B02D7C2BA1E53900136B18 /* Realm in Frameworks */,
				A3E40BF22BAD671E00F1CBE0 /* MultiDatePicker in Frameworks */,
				A387BDD02BB44597009D45B9 /* SwiftfulRouting in Frameworks */,
			);
			runOnlyForDeploymentPostprocessing = 0;
		};
/* End PBXFrameworksBuildPhase section */

/* Begin PBXGroup section */
		A33610762BA1DC1F00FDFECE = {
			isa = PBXGroup;
			children = (
				A32D8D8E2BB6DA3F00462C00 /* PrivacyInfo.xcprivacy */,
				A33610812BA1DC1F00FDFECE /* CalendarPicker */,
				A33610802BA1DC1F00FDFECE /* Products */,
			);
			sourceTree = "<group>";
		};
		A33610802BA1DC1F00FDFECE /* Products */ = {
			isa = PBXGroup;
			children = (
				A336107F2BA1DC1F00FDFECE /* CalendarPicker.app */,
			);
			name = Products;
			sourceTree = "<group>";
		};
		A33610812BA1DC1F00FDFECE /* CalendarPicker */ = {
			isa = PBXGroup;
			children = (
				A387BDD12BB44DEE009D45B9 /* Helpers */,
				A3B02D852BA3143600136B18 /* Model */,
				A33610942BA1E14800FDFECE /* Services */,
				A3B02D802BA1EB2700136B18 /* App */,
				A3B02D7F2BA1EB1600136B18 /* Screens */,
				A33610862BA1DC2000FDFECE /* Assets.xcassets */,
				A33610882BA1DC2000FDFECE /* Preview Content */,
			);
			path = CalendarPicker;
			sourceTree = "<group>";
		};
		A33610882BA1DC2000FDFECE /* Preview Content */ = {
			isa = PBXGroup;
			children = (
				A33610892BA1DC2000FDFECE /* Preview Assets.xcassets */,
			);
			path = "Preview Content";
			sourceTree = "<group>";
		};
		A33610942BA1E14800FDFECE /* Services */ = {
			isa = PBXGroup;
			children = (
				A33610952BA1E16600FDFECE /* DataBaseService.swift */,
			);
			path = Services;
			sourceTree = "<group>";
		};
		A33D9ADB2BB5DFAD0035A335 /* Share */ = {
			isa = PBXGroup;
			children = (
			);
			path = Share;
			sourceTree = "<group>";
		};
		A387BDD12BB44DEE009D45B9 /* Helpers */ = {
			isa = PBXGroup;
			children = (
				A387BDD22BB44DFD009D45B9 /* Extensions */,
			);
			path = Helpers;
			sourceTree = "<group>";
		};
		A387BDD22BB44DFD009D45B9 /* Extensions */ = {
			isa = PBXGroup;
			children = (
				A387BDD42BB44E16009D45B9 /* UIColor.swift */,
			);
			path = Extensions;
			sourceTree = "<group>";
		};
		A387BDD62BB48ED5009D45B9 /* Settings */ = {
			isa = PBXGroup;
			children = (
				A33D9ADB2BB5DFAD0035A335 /* Share */,
				A387BDD72BB48EE5009D45B9 /* SettingsView.swift */,
			);
			path = Settings;
			sourceTree = "<group>";
		};
		A3B02D7F2BA1EB1600136B18 /* Screens */ = {
			isa = PBXGroup;
			children = (
				A387BDD62BB48ED5009D45B9 /* Settings */,
				A3B02D822BA1EB4000136B18 /* Calendar */,
				A3B02D812BA1EB3400136B18 /* HomeView */,
			);
			path = Screens;
			sourceTree = "<group>";
		};
		A3B02D802BA1EB2700136B18 /* App */ = {
			isa = PBXGroup;
			children = (
				A33610822BA1DC1F00FDFECE /* CalendarPickerApp.swift */,
				A32D8D902BB6F25100462C00 /* Localizable.xcstrings */,
			);
			path = App;
			sourceTree = "<group>";
		};
		A3B02D812BA1EB3400136B18 /* HomeView */ = {
			isa = PBXGroup;
			children = (
				A33610902BA1DCB300FDFECE /* HomeView.swift */,
				A33610922BA1DD0B00FDFECE /* HomeViewModel.swift */,
				A387BDCC2BB443F6009D45B9 /* NewCaseView.swift */,
			);
			path = HomeView;
			sourceTree = "<group>";
		};
		A3B02D822BA1EB4000136B18 /* Calendar */ = {
			isa = PBXGroup;
			children = (
				A33610842BA1DC1F00FDFECE /* CalendarView.swift */,
				A3B02D832BA1EB5B00136B18 /* CalendarViewModel.swift */,
			);
			path = Calendar;
			sourceTree = "<group>";
		};
		A3B02D852BA3143600136B18 /* Model */ = {
			isa = PBXGroup;
			children = (
				A3B02D862BA3145000136B18 /* DatesRealm.swift */,
				A3B02D882BA3149300136B18 /* CaseObject.swift */,
				A3D8ED4F2BADB21700AA08D3 /* CaseRealm.swift */,
			);
			path = Model;
			sourceTree = "<group>";
		};
/* End PBXGroup section */

/* Begin PBXNativeTarget section */
		A336107E2BA1DC1F00FDFECE /* CalendarPicker */ = {
			isa = PBXNativeTarget;
			buildConfigurationList = A336108D2BA1DC2000FDFECE /* Build configuration list for PBXNativeTarget "CalendarPicker" */;
			buildPhases = (
				A336107B2BA1DC1F00FDFECE /* Sources */,
				A336107C2BA1DC1F00FDFECE /* Frameworks */,
				A336107D2BA1DC1F00FDFECE /* Resources */,
				A324C06B2BB5CE47006E6B76 /* ShellScript */,
			);
			buildRules = (
			);
			dependencies = (
			);
			name = CalendarPicker;
			packageProductDependencies = (
				A3B02D7B2BA1E53900136B18 /* Realm */,
				A3B02D7D2BA1E53900136B18 /* RealmSwift */,
				A3E40BF12BAD671E00F1CBE0 /* MultiDatePicker */,
				A387BDCF2BB44597009D45B9 /* SwiftfulRouting */,
			);
			productName = CalendarPicker;
			productReference = A336107F2BA1DC1F00FDFECE /* CalendarPicker.app */;
			productType = "com.apple.product-type.application";
		};
/* End PBXNativeTarget section */

/* Begin PBXProject section */
		A33610772BA1DC1F00FDFECE /* Project object */ = {
			isa = PBXProject;
			attributes = {
				BuildIndependentTargetsInParallel = 1;
				LastSwiftUpdateCheck = 1530;
				LastUpgradeCheck = 1530;
				TargetAttributes = {
					A336107E2BA1DC1F00FDFECE = {
						CreatedOnToolsVersion = 15.3;
					};
				};
			};
			buildConfigurationList = A336107A2BA1DC1F00FDFECE /* Build configuration list for PBXProject "CalendarPicker" */;
			compatibilityVersion = "Xcode 14.0";
			developmentRegion = en;
			hasScannedForEncodings = 0;
			knownRegions = (
				en,
				Base,
			);
			mainGroup = A33610762BA1DC1F00FDFECE;
			packageReferences = (
				A3B02D7A2BA1E53900136B18 /* XCRemoteSwiftPackageReference "realm-swift" */,
				A3E40BF02BAD671E00F1CBE0 /* XCRemoteSwiftPackageReference "MultiDatePicker" */,
				A387BDCE2BB44597009D45B9 /* XCRemoteSwiftPackageReference "SwiftfulRouting" */,
			);
			productRefGroup = A33610802BA1DC1F00FDFECE /* Products */;
			projectDirPath = "";
			projectRoot = "";
			targets = (
				A336107E2BA1DC1F00FDFECE /* CalendarPicker */,
			);
		};
/* End PBXProject section */

/* Begin PBXResourcesBuildPhase section */
		A336107D2BA1DC1F00FDFECE /* Resources */ = {
			isa = PBXResourcesBuildPhase;
			buildActionMask = 2147483647;
			files = (
				A336108A2BA1DC2000FDFECE /* Preview Assets.xcassets in Resources */,
				A33610872BA1DC2000FDFECE /* Assets.xcassets in Resources */,
				A32D8D912BB6F25100462C00 /* Localizable.xcstrings in Resources */,
				A32D8D8F2BB6DA3F00462C00 /* PrivacyInfo.xcprivacy in Resources */,
			);
			runOnlyForDeploymentPostprocessing = 0;
		};
/* End PBXResourcesBuildPhase section */

/* Begin PBXShellScriptBuildPhase section */
		A324C06B2BB5CE47006E6B76 /* ShellScript */ = {
			isa = PBXShellScriptBuildPhase;
			buildActionMask = 2147483647;
			files = (
			);
			inputFileListPaths = (
			);
			inputPaths = (
			);
			outputFileListPaths = (
			);
			outputPaths = (
			);
			runOnlyForDeploymentPostprocessing = 0;
			shellPath = /bin/sh;
			shellScript = "
";
		};
/* End PBXShellScriptBuildPhase section */

/* Begin PBXSourcesBuildPhase section */
		A336107B2BA1DC1F00FDFECE /* Sources */ = {
			isa = PBXSourcesBuildPhase;
			buildActionMask = 2147483647;
			files = (
				A3B02D842BA1EB5B00136B18 /* CalendarViewModel.swift in Sources */,
				A33610912BA1DCB300FDFECE /* HomeView.swift in Sources */,
				A3B02D872BA3145000136B18 /* DatesRealm.swift in Sources */,
				A387BDCD2BB443F6009D45B9 /* NewCaseView.swift in Sources */,
				A3D8ED502BADB21700AA08D3 /* CaseRealm.swift in Sources */,
				A33610852BA1DC1F00FDFECE /* CalendarView.swift in Sources */,
				A33610832BA1DC1F00FDFECE /* CalendarPickerApp.swift in Sources */,
				A387BDD52BB44E16009D45B9 /* UIColor.swift in Sources */,
				A33610962BA1E16600FDFECE /* DataBaseService.swift in Sources */,
				A387BDD82BB48EE5009D45B9 /* SettingsView.swift in Sources */,
				A3B02D892BA3149300136B18 /* CaseObject.swift in Sources */,
				A33610932BA1DD0B00FDFECE /* HomeViewModel.swift in Sources */,
			);
			runOnlyForDeploymentPostprocessing = 0;
		};
/* End PBXSourcesBuildPhase section */

/* Begin XCBuildConfiguration section */
		A336108B2BA1DC2000FDFECE /* Debug */ = {
			isa = XCBuildConfiguration;
			buildSettings = {
				ALWAYS_SEARCH_USER_PATHS = NO;
				ASSETCATALOG_COMPILER_GENERATE_SWIFT_ASSET_SYMBOL_EXTENSIONS = YES;
				CLANG_ANALYZER_NONNULL = YES;
				CLANG_ANALYZER_NUMBER_OBJECT_CONVERSION = YES_AGGRESSIVE;
				CLANG_CXX_LANGUAGE_STANDARD = "gnu++20";
				CLANG_ENABLE_MODULES = YES;
				CLANG_ENABLE_OBJC_ARC = YES;
				CLANG_ENABLE_OBJC_WEAK = YES;
				CLANG_WARN_BLOCK_CAPTURE_AUTORELEASING = YES;
				CLANG_WARN_BOOL_CONVERSION = YES;
				CLANG_WARN_COMMA = YES;
				CLANG_WARN_CONSTANT_CONVERSION = YES;
				CLANG_WARN_DEPRECATED_OBJC_IMPLEMENTATIONS = YES;
				CLANG_WARN_DIRECT_OBJC_ISA_USAGE = YES_ERROR;
				CLANG_WARN_DOCUMENTATION_COMMENTS = YES;
				CLANG_WARN_EMPTY_BODY = YES;
				CLANG_WARN_ENUM_CONVERSION = YES;
				CLANG_WARN_INFINITE_RECURSION = YES;
				CLANG_WARN_INT_CONVERSION = YES;
				CLANG_WARN_NON_LITERAL_NULL_CONVERSION = YES;
				CLANG_WARN_OBJC_IMPLICIT_RETAIN_SELF = YES;
				CLANG_WARN_OBJC_LITERAL_CONVERSION = YES;
				CLANG_WARN_OBJC_ROOT_CLASS = YES_ERROR;
				CLANG_WARN_QUOTED_INCLUDE_IN_FRAMEWORK_HEADER = YES;
				CLANG_WARN_RANGE_LOOP_ANALYSIS = YES;
				CLANG_WARN_STRICT_PROTOTYPES = YES;
				CLANG_WARN_SUSPICIOUS_MOVE = YES;
				CLANG_WARN_UNGUARDED_AVAILABILITY = YES_AGGRESSIVE;
				CLANG_WARN_UNREACHABLE_CODE = YES;
				CLANG_WARN__DUPLICATE_METHOD_MATCH = YES;
				COPY_PHASE_STRIP = NO;
				DEBUG_INFORMATION_FORMAT = dwarf;
				ENABLE_STRICT_OBJC_MSGSEND = YES;
				ENABLE_TESTABILITY = YES;
				ENABLE_USER_SCRIPT_SANDBOXING = YES;
				GCC_C_LANGUAGE_STANDARD = gnu17;
				GCC_DYNAMIC_NO_PIC = NO;
				GCC_NO_COMMON_BLOCKS = YES;
				GCC_OPTIMIZATION_LEVEL = 0;
				GCC_PREPROCESSOR_DEFINITIONS = (
					"DEBUG=1",
					"$(inherited)",
				);
				GCC_WARN_64_TO_32_BIT_CONVERSION = YES;
				GCC_WARN_ABOUT_RETURN_TYPE = YES_ERROR;
				GCC_WARN_UNDECLARED_SELECTOR = YES;
				GCC_WARN_UNINITIALIZED_AUTOS = YES_AGGRESSIVE;
				GCC_WARN_UNUSED_FUNCTION = YES;
				GCC_WARN_UNUSED_VARIABLE = YES;
				IPHONEOS_DEPLOYMENT_TARGET = 17.4;
				LOCALIZATION_PREFERS_STRING_CATALOGS = YES;
				MTL_ENABLE_DEBUG_INFO = INCLUDE_SOURCE;
				MTL_FAST_MATH = YES;
				ONLY_ACTIVE_ARCH = YES;
				SDKROOT = iphoneos;
				SWIFT_ACTIVE_COMPILATION_CONDITIONS = "DEBUG $(inherited)";
				SWIFT_OPTIMIZATION_LEVEL = "-Onone";
			};
			name = Debug;
		};
		A336108C2BA1DC2000FDFECE /* Release */ = {
			isa = XCBuildConfiguration;
			buildSettings = {
				ALWAYS_SEARCH_USER_PATHS = NO;
				ASSETCATALOG_COMPILER_GENERATE_SWIFT_ASSET_SYMBOL_EXTENSIONS = YES;
				CLANG_ANALYZER_NONNULL = YES;
				CLANG_ANALYZER_NUMBER_OBJECT_CONVERSION = YES_AGGRESSIVE;
				CLANG_CXX_LANGUAGE_STANDARD = "gnu++20";
				CLANG_ENABLE_MODULES = YES;
				CLANG_ENABLE_OBJC_ARC = YES;
				CLANG_ENABLE_OBJC_WEAK = YES;
				CLANG_WARN_BLOCK_CAPTURE_AUTORELEASING = YES;
				CLANG_WARN_BOOL_CONVERSION = YES;
				CLANG_WARN_COMMA = YES;
				CLANG_WARN_CONSTANT_CONVERSION = YES;
				CLANG_WARN_DEPRECATED_OBJC_IMPLEMENTATIONS = YES;
				CLANG_WARN_DIRECT_OBJC_ISA_USAGE = YES_ERROR;
				CLANG_WARN_DOCUMENTATION_COMMENTS = YES;
				CLANG_WARN_EMPTY_BODY = YES;
				CLANG_WARN_ENUM_CONVERSION = YES;
				CLANG_WARN_INFINITE_RECURSION = YES;
				CLANG_WARN_INT_CONVERSION = YES;
				CLANG_WARN_NON_LITERAL_NULL_CONVERSION = YES;
				CLANG_WARN_OBJC_IMPLICIT_RETAIN_SELF = YES;
				CLANG_WARN_OBJC_LITERAL_CONVERSION = YES;
				CLANG_WARN_OBJC_ROOT_CLASS = YES_ERROR;
				CLANG_WARN_QUOTED_INCLUDE_IN_FRAMEWORK_HEADER = YES;
				CLANG_WARN_RANGE_LOOP_ANALYSIS = YES;
				CLANG_WARN_STRICT_PROTOTYPES = YES;
				CLANG_WARN_SUSPICIOUS_MOVE = YES;
				CLANG_WARN_UNGUARDED_AVAILABILITY = YES_AGGRESSIVE;
				CLANG_WARN_UNREACHABLE_CODE = YES;
				CLANG_WARN__DUPLICATE_METHOD_MATCH = YES;
				COPY_PHASE_STRIP = NO;
				DEBUG_INFORMATION_FORMAT = "dwarf-with-dsym";
				ENABLE_NS_ASSERTIONS = NO;
				ENABLE_STRICT_OBJC_MSGSEND = YES;
				ENABLE_USER_SCRIPT_SANDBOXING = YES;
				GCC_C_LANGUAGE_STANDARD = gnu17;
				GCC_NO_COMMON_BLOCKS = YES;
				GCC_WARN_64_TO_32_BIT_CONVERSION = YES;
				GCC_WARN_ABOUT_RETURN_TYPE = YES_ERROR;
				GCC_WARN_UNDECLARED_SELECTOR = YES;
				GCC_WARN_UNINITIALIZED_AUTOS = YES_AGGRESSIVE;
				GCC_WARN_UNUSED_FUNCTION = YES;
				GCC_WARN_UNUSED_VARIABLE = YES;
				IPHONEOS_DEPLOYMENT_TARGET = 17.4;
				LOCALIZATION_PREFERS_STRING_CATALOGS = YES;
				MTL_ENABLE_DEBUG_INFO = NO;
				MTL_FAST_MATH = YES;
				SDKROOT = iphoneos;
				SWIFT_COMPILATION_MODE = wholemodule;
				VALIDATE_PRODUCT = YES;
			};
			name = Release;
		};
		A336108E2BA1DC2000FDFECE /* Debug */ = {
			isa = XCBuildConfiguration;
			buildSettings = {
				ASSETCATALOG_COMPILER_APPICON_NAME = AppIcon;
				ASSETCATALOG_COMPILER_GLOBAL_ACCENT_COLOR_NAME = AccentColor;
				CODE_SIGN_STYLE = Automatic;
				CURRENT_PROJECT_VERSION = 13;
				DEVELOPMENT_ASSET_PATHS = "\"CalendarPicker/Preview Content\"";
				DEVELOPMENT_TEAM = WQ62ZKQJPF;
				ENABLE_PREVIEWS = YES;
				GENERATE_INFOPLIST_FILE = YES;
				INFOPLIST_FILE = CalendarPicker/Info.plist;
				INFOPLIST_KEY_CFBundleDisplayName = "Event Mark";
				INFOPLIST_KEY_LSApplicationCategoryType = "public.app-category.lifestyle";
				INFOPLIST_KEY_UIApplicationSceneManifest_Generation = YES;
				INFOPLIST_KEY_UIApplicationSupportsIndirectInputEvents = YES;
				INFOPLIST_KEY_UILaunchScreen_Generation = YES;
				INFOPLIST_KEY_UISupportedInterfaceOrientations = UIInterfaceOrientationPortrait;
				INFOPLIST_KEY_UISupportedInterfaceOrientations_iPad = "UIInterfaceOrientationLandscapeLeft UIInterfaceOrientationLandscapeRight UIInterfaceOrientationPortrait UIInterfaceOrientationPortraitUpsideDown";
				IPHONEOS_DEPLOYMENT_TARGET = 16.4;
				LD_RUNPATH_SEARCH_PATHS = (
					"$(inherited)",
					"@executable_path/Frameworks",
				);
				MARKETING_VERSION = 1.1;
				PRODUCT_BUNDLE_IDENTIFIER = com.e.fishbein.eventmark;
				PRODUCT_NAME = "$(TARGET_NAME)";
				SUPPORTED_PLATFORMS = "iphoneos iphonesimulator";
				SUPPORTS_MACCATALYST = NO;
				SUPPORTS_MAC_DESIGNED_FOR_IPHONE_IPAD = NO;
				SUPPORTS_XR_DESIGNED_FOR_IPHONE_IPAD = NO;
				SWIFT_EMIT_LOC_STRINGS = YES;
				SWIFT_VERSION = 5.0;
				TARGETED_DEVICE_FAMILY = 1;
			};
			name = Debug;
		};
		A336108F2BA1DC2000FDFECE /* Release */ = {
			isa = XCBuildConfiguration;
			buildSettings = {
				ASSETCATALOG_COMPILER_APPICON_NAME = AppIcon;
				ASSETCATALOG_COMPILER_GLOBAL_ACCENT_COLOR_NAME = AccentColor;
				CODE_SIGN_STYLE = Automatic;
				CURRENT_PROJECT_VERSION = 13;
				DEVELOPMENT_ASSET_PATHS = "\"CalendarPicker/Preview Content\"";
				DEVELOPMENT_TEAM = WQ62ZKQJPF;
				ENABLE_PREVIEWS = YES;
				GENERATE_INFOPLIST_FILE = YES;
				INFOPLIST_FILE = CalendarPicker/Info.plist;
				INFOPLIST_KEY_CFBundleDisplayName = "Event Mark";
				INFOPLIST_KEY_LSApplicationCategoryType = "public.app-category.lifestyle";
				INFOPLIST_KEY_UIApplicationSceneManifest_Generation = YES;
				INFOPLIST_KEY_UIApplicationSupportsIndirectInputEvents = YES;
				INFOPLIST_KEY_UILaunchScreen_Generation = YES;
				INFOPLIST_KEY_UISupportedInterfaceOrientations = UIInterfaceOrientationPortrait;
				INFOPLIST_KEY_UISupportedInterfaceOrientations_iPad = "UIInterfaceOrientationLandscapeLeft UIInterfaceOrientationLandscapeRight UIInterfaceOrientationPortrait UIInterfaceOrientationPortraitUpsideDown";
				IPHONEOS_DEPLOYMENT_TARGET = 16.4;
				LD_RUNPATH_SEARCH_PATHS = (
					"$(inherited)",
					"@executable_path/Frameworks",
				);
				MARKETING_VERSION = 1.1;
				PRODUCT_BUNDLE_IDENTIFIER = com.e.fishbein.eventmark;
				PRODUCT_NAME = "$(TARGET_NAME)";
				SUPPORTED_PLATFORMS = "iphoneos iphonesimulator";
				SUPPORTS_MACCATALYST = NO;
				SUPPORTS_MAC_DESIGNED_FOR_IPHONE_IPAD = NO;
				SUPPORTS_XR_DESIGNED_FOR_IPHONE_IPAD = NO;
				SWIFT_EMIT_LOC_STRINGS = YES;
				SWIFT_VERSION = 5.0;
				TARGETED_DEVICE_FAMILY = 1;
			};
			name = Release;
		};
/* End XCBuildConfiguration section */

/* Begin XCConfigurationList section */
		A336107A2BA1DC1F00FDFECE /* Build configuration list for PBXProject "CalendarPicker" */ = {
			isa = XCConfigurationList;
			buildConfigurations = (
				A336108B2BA1DC2000FDFECE /* Debug */,
				A336108C2BA1DC2000FDFECE /* Release */,
			);
			defaultConfigurationIsVisible = 0;
			defaultConfigurationName = Release;
		};
		A336108D2BA1DC2000FDFECE /* Build configuration list for PBXNativeTarget "CalendarPicker" */ = {
			isa = XCConfigurationList;
			buildConfigurations = (
				A336108E2BA1DC2000FDFECE /* Debug */,
				A336108F2BA1DC2000FDFECE /* Release */,
			);
			defaultConfigurationIsVisible = 0;
			defaultConfigurationName = Release;
		};
/* End XCConfigurationList section */

/* Begin XCRemoteSwiftPackageReference section */
		A387BDCE2BB44597009D45B9 /* XCRemoteSwiftPackageReference "SwiftfulRouting" */ = {
			isa = XCRemoteSwiftPackageReference;
			repositoryURL = "https://github.com/SwiftfulThinking/SwiftfulRouting.git";
			requirement = {
				kind = upToNextMinorVersion;
				minimumVersion = 5.3.2;
			};
		};
		A3B02D7A2BA1E53900136B18 /* XCRemoteSwiftPackageReference "realm-swift" */ = {
			isa = XCRemoteSwiftPackageReference;
			repositoryURL = "https://github.com/realm/realm-swift.git";
			requirement = {
				kind = exactVersion;
				version = 10.49.1;
			};
		};
		A3E40BF02BAD671E00F1CBE0 /* XCRemoteSwiftPackageReference "MultiDatePicker" */ = {
			isa = XCRemoteSwiftPackageReference;
			repositoryURL = "https://github.com/andersprenger/MultiDatePicker.git";
			requirement = {
				branch = main;
				kind = branch;
			};
		};
/* End XCRemoteSwiftPackageReference section */

/* Begin XCSwiftPackageProductDependency section */
		A387BDCF2BB44597009D45B9 /* SwiftfulRouting */ = {
			isa = XCSwiftPackageProductDependency;
			package = A387BDCE2BB44597009D45B9 /* XCRemoteSwiftPackageReference "SwiftfulRouting" */;
			productName = SwiftfulRouting;
		};
		A3B02D7B2BA1E53900136B18 /* Realm */ = {
			isa = XCSwiftPackageProductDependency;
			package = A3B02D7A2BA1E53900136B18 /* XCRemoteSwiftPackageReference "realm-swift" */;
			productName = Realm;
		};
		A3B02D7D2BA1E53900136B18 /* RealmSwift */ = {
			isa = XCSwiftPackageProductDependency;
			package = A3B02D7A2BA1E53900136B18 /* XCRemoteSwiftPackageReference "realm-swift" */;
			productName = RealmSwift;
		};
		A3E40BF12BAD671E00F1CBE0 /* MultiDatePicker */ = {
			isa = XCSwiftPackageProductDependency;
			package = A3E40BF02BAD671E00F1CBE0 /* XCRemoteSwiftPackageReference "MultiDatePicker" */;
			productName = MultiDatePicker;
		};
/* End XCSwiftPackageProductDependency section */
	};
	rootObject = A33610772BA1DC1F00FDFECE /* Project object */;
}
